
Microsoft Visual Studio Solution File, Format Version 12.00
# Visual Studio 15
VisualStudioVersion = 15.0.28307.421
MinimumVisualStudioVersion = 10.0.40219.1
Project("{888888A0-9F3D-457C-B088-3A5042F75D52}") = "Shakespeare-Sonnet-Bot", "Shakespeare-Sonnet-Bot\Shakespeare-Sonnet-Bot.pyproj", "{A882F3AE-59EC-4A1A-B406-ADE78CBDEED3}"
EndProject
Global
	GlobalSection(SolutionConfigurationPlatforms) = preSolution
		Debug|Any CPU = Debug|Any CPU
		Release|Any CPU = Release|Any CPU
	EndGlobalSection
	GlobalSection(ProjectConfigurationPlatforms) = postSolution
		{A882F3AE-59EC-4A1A-B406-ADE78CBDEED3}.Debug|Any CPU.ActiveCfg = Debug|Any CPU
		{A882F3AE-59EC-4A1A-B406-ADE78CBDEED3}.Release|Any CPU.ActiveCfg = Release|Any CPU
	EndGlobalSection
	GlobalSection(SolutionProperties) = preSolution
		HideSolutionNode = FALSE
	EndGlobalSection
	GlobalSection(ExtensibilityGlobals) = postSolution
		SolutionGuid = {FA8DB356-1BE0-4B41-A1CC-FAB4BC1CA1DB}
	EndGlobalSection
EndGlobal
